// !$*UTF8*$!
{
	archiveVersion = 1;
	classes = {
	};
	objectVersion = 46;
	objects = {

/* Begin PBXBuildFile section */
		485749C81CE46C6E00111E73 /* main.m in Sources */ = {isa = PBXBuildFile; fileRef = 485749C71CE46C6E00111E73 /* main.m */; };
		485749CB1CE46C6E00111E73 /* AppDelegate.m in Sources */ = {isa = PBXBuildFile; fileRef = 485749CA1CE46C6E00111E73 /* AppDelegate.m */; };
		485749CE1CE46C6E00111E73 /* ViewController.m in Sources */ = {isa = PBXBuildFile; fileRef = 485749CD1CE46C6E00111E73 /* ViewController.m */; };
		485749D11CE46C6E00111E73 /* Main.storyboard in Resources */ = {isa = PBXBuildFile; fileRef = 485749CF1CE46C6E00111E73 /* Main.storyboard */; };
		485749D31CE46C6E00111E73 /* Assets.xcassets in Resources */ = {isa = PBXBuildFile; fileRef = 485749D21CE46C6E00111E73 /* Assets.xcassets */; };
		485749D61CE46C6E00111E73 /* LaunchScreen.storyboard in Resources */ = {isa = PBXBuildFile; fileRef = 485749D41CE46C6E00111E73 /* LaunchScreen.storyboard */; };
		485749E11CE46C6E00111E73 /* GDCTests.m in Sources */ = {isa = PBXBuildFile; fileRef = 485749E01CE46C6E00111E73 /* GDCTests.m */; };
		485749EC1CE46C6E00111E73 /* GDCUITests.m in Sources */ = {isa = PBXBuildFile; fileRef = 485749EB1CE46C6E00111E73 /* GDCUITests.m */; };
/* End PBXBuildFile section */

/* Begin PBXContainerItemProxy section */
		485749DD1CE46C6E00111E73 /* PBXContainerItemProxy */ = {
			isa = PBXContainerItemProxy;
			containerPortal = 485749BB1CE46C6E00111E73 /* Project object */;
			proxyType = 1;
			remoteGlobalIDString = 485749C21CE46C6E00111E73;
			remoteInfo = GDC;
		};
		485749E81CE46C6E00111E73 /* PBXContainerItemProxy */ = {
			isa = PBXContainerItemProxy;
			containerPortal = 485749BB1CE46C6E00111E73 /* Project object */;
			proxyType = 1;
			remoteGlobalIDString = 485749C21CE46C6E00111E73;
			remoteInfo = GDC;
		};
/* End PBXContainerItemProxy section */

/* Begin PBXFileReference section */
		485749C31CE46C6E00111E73 /* GDC.app */ = {isa = PBXFileReference; explicitFileType = wrapper.application; includeInIndex = 0; path = GDC.app; sourceTree = BUILT_PRODUCTS_DIR; };
		485749C71CE46C6E00111E73 /* main.m */ = {isa = PBXFileReference; lastKnownFileType = sourcecode.c.objc; path = main.m; sourceTree = "<group>"; };
		485749C91CE46C6E00111E73 /* AppDelegate.h */ = {isa = PBXFileReference; lastKnownFileType = sourcecode.c.h; path = AppDelegate.h; sourceTree = "<group>"; };
		485749CA1CE46C6E00111E73 /* AppDelegate.m */ = {isa = PBXFileReference; lastKnownFileType = sourcecode.c.objc; path = AppDelegate.m; sourceTree = "<group>"; };
		485749CC1CE46C6E00111E73 /* ViewController.h */ = {isa = PBXFileReference; lastKnownFileType = sourcecode.c.h; path = ViewController.h; sourceTree = "<group>"; };
		485749CD1CE46C6E00111E73 /* ViewController.m */ = {isa = PBXFileReference; lastKnownFileType = sourcecode.c.objc; path = ViewController.m; sourceTree = "<group>"; };
		485749D01CE46C6E00111E73 /* Base */ = {isa = PBXFileReference; lastKnownFileType = file.storyboard; name = Base; path = Base.lproj/Main.storyboard; sourceTree = "<group>"; };
		485749D21CE46C6E00111E73 /* Assets.xcassets */ = {isa = PBXFileReference; lastKnownFileType = folder.assetcatalog; path = Assets.xcassets; sourceTree = "<group>"; };
		485749D51CE46C6E00111E73 /* Base */ = {isa = PBXFileReference; lastKnownFileType = file.storyboard; name = Base; path = Base.lproj/LaunchScreen.storyboard; sourceTree = "<group>"; };
		485749D71CE46C6E00111E73 /* Info.plist */ = {isa = PBXFileReference; lastKnownFileType = text.plist.xml; path = Info.plist; sourceTree = "<group>"; };
		485749DC1CE46C6E00111E73 /* GDCTests.xctest */ = {isa = PBXFileReference; explicitFileType = wrapper.cfbundle; includeInIndex = 0; path = GDCTests.xctest; sourceTree = BUILT_PRODUCTS_DIR; };
		485749E01CE46C6E00111E73 /* GDCTests.m */ = {isa = PBXFileReference; lastKnownFileType = sourcecode.c.objc; path = GDCTests.m; sourceTree = "<group>"; };
		485749E21CE46C6E00111E73 /* Info.plist */ = {isa = PBXFileReference; lastKnownFileType = text.plist.xml; path = Info.plist; sourceTree = "<group>"; };
		485749E71CE46C6E00111E73 /* GDCUITests.xctest */ = {isa = PBXFileReference; explicitFileType = wrapper.cfbundle; includeInIndex = 0; path = GDCUITests.xctest; sourceTree = BUILT_PRODUCTS_DIR; };
		485749EB1CE46C6E00111E73 /* GDCUITests.m */ = {isa = PBXFileReference; lastKnownFileType = sourcecode.c.objc; path = GDCUITests.m; sourceTree = "<group>"; };
		485749ED1CE46C6E00111E73 /* Info.plist */ = {isa = PBXFileReference; lastKnownFileType = text.plist.xml; path = Info.plist; sourceTree = "<group>"; };
/* End PBXFileReference section */

/* Begin PBXFrameworksBuildPhase section */
		485749C01CE46C6E00111E73 /* Frameworks */ = {
			isa = PBXFrameworksBuildPhase;
			buildActionMask = 2147483647;
			files = (
			);
			runOnlyForDeploymentPostprocessing = 0;
		};
		485749D91CE46C6E00111E73 /* Frameworks */ = {
			isa = PBXFrameworksBuildPhase;
			buildActionMask = 2147483647;
			files = (
			);
			runOnlyForDeploymentPostprocessing = 0;
		};
		485749E41CE46C6E00111E73 /* Frameworks */ = {
			isa = PBXFrameworksBuildPhase;
			buildActionMask = 2147483647;
			files = (
			);
			runOnlyForDeploymentPostprocessing = 0;
		};
/* End PBXFrameworksBuildPhase section */

/* Begin PBXGroup section */
		485749BA1CE46C6E00111E73 = {
			isa = PBXGroup;
			children = (
				485749C51CE46C6E00111E73 /* GDC */,
				485749DF1CE46C6E00111E73 /* GDCTests */,
				485749EA1CE46C6E00111E73 /* GDCUITests */,
				485749C41CE46C6E00111E73 /* Products */,
			);
			sourceTree = "<group>";
		};
		485749C41CE46C6E00111E73 /* Products */ = {
			isa = PBXGroup;
			children = (
				485749C31CE46C6E00111E73 /* GDC.app */,
				485749DC1CE46C6E00111E73 /* GDCTests.xctest */,
				485749E71CE46C6E00111E73 /* GDCUITests.xctest */,
			);
			name = Products;
			sourceTree = "<group>";
		};
		485749C51CE46C6E00111E73 /* GDC */ = {
			isa = PBXGroup;
			children = (
				485749C91CE46C6E00111E73 /* AppDelegate.h */,
				485749CA1CE46C6E00111E73 /* AppDelegate.m */,
				485749CC1CE46C6E00111E73 /* ViewController.h */,
				485749CD1CE46C6E00111E73 /* ViewController.m */,
				485749CF1CE46C6E00111E73 /* Main.storyboard */,
				485749D21CE46C6E00111E73 /* Assets.xcassets */,
				485749D41CE46C6E00111E73 /* LaunchScreen.storyboard */,
				485749D71CE46C6E00111E73 /* Info.plist */,
				485749C61CE46C6E00111E73 /* Supporting Files */,
			);
			path = GDC;
			sourceTree = "<group>";
		};
		485749C61CE46C6E00111E73 /* Supporting Files */ = {
			isa = PBXGroup;
			children = (
				485749C71CE46C6E00111E73 /* main.m */,
			);
			name = "Supporting Files";
			sourceTree = "<group>";
		};
		485749DF1CE46C6E00111E73 /* GDCTests */ = {
			isa = PBXGroup;
			children = (
				485749E01CE46C6E00111E73 /* GDCTests.m */,
				485749E21CE46C6E00111E73 /* Info.plist */,
			);
			path = GDCTests;
			sourceTree = "<group>";
		};
		485749EA1CE46C6E00111E73 /* GDCUITests */ = {
			isa = PBXGroup;
			children = (
				485749EB1CE46C6E00111E73 /* GDCUITests.m */,
				485749ED1CE46C6E00111E73 /* Info.plist */,
			);
			path = GDCUITests;
			sourceTree = "<group>";
		};
/* End PBXGroup section */

/* Begin PBXNativeTarget section */
		485749C21CE46C6E00111E73 /* GDC */ = {
			isa = PBXNativeTarget;
			buildConfigurationList = 485749F01CE46C6E00111E73 /* Build configuration list for PBXNativeTarget "GDC" */;
			buildPhases = (
				485749BF1CE46C6E00111E73 /* Sources */,
				485749C01CE46C6E00111E73 /* Frameworks */,
				485749C11CE46C6E00111E73 /* Resources */,
			);
			buildRules = (
			);
			dependencies = (
			);
			name = GDC;
			productName = GDC;
			productReference = 485749C31CE46C6E00111E73 /* GDC.app */;
			productType = "com.apple.product-type.application";
		};
		485749DB1CE46C6E00111E73 /* GDCTests */ = {
			isa = PBXNativeTarget;
			buildConfigurationList = 485749F31CE46C6E00111E73 /* Build configuration list for PBXNativeTarget "GDCTests" */;
			buildPhases = (
				485749D81CE46C6E00111E73 /* Sources */,
				485749D91CE46C6E00111E73 /* Frameworks */,
				485749DA1CE46C6E00111E73 /* Resources */,
			);
			buildRules = (
			);
			dependencies = (
				485749DE1CE46C6E00111E73 /* PBXTargetDependency */,
			);
			name = GDCTests;
			productName = GDCTests;
			productReference = 485749DC1CE46C6E00111E73 /* GDCTests.xctest */;
			productType = "com.apple.product-type.bundle.unit-test";
		};
		485749E61CE46C6E00111E73 /* GDCUITests */ = {
			isa = PBXNativeTarget;
			buildConfigurationList = 485749F61CE46C6E00111E73 /* Build configuration list for PBXNativeTarget "GDCUITests" */;
			buildPhases = (
				485749E31CE46C6E00111E73 /* Sources */,
				485749E41CE46C6E00111E73 /* Frameworks */,
				485749E51CE46C6E00111E73 /* Resources */,
			);
			buildRules = (
			);
			dependencies = (
				485749E91CE46C6E00111E73 /* PBXTargetDependency */,
			);
			name = GDCUITests;
			productName = GDCUITests;
			productReference = 485749E71CE46C6E00111E73 /* GDCUITests.xctest */;
			productType = "com.apple.product-type.bundle.ui-testing";
		};
/* End PBXNativeTarget section */

/* Begin PBXProject section */
		485749BB1CE46C6E00111E73 /* Project object */ = {
			isa = PBXProject;
			attributes = {
				LastUpgradeCheck = 0710;
				ORGANIZATIONNAME = demon;
				TargetAttributes = {
					485749C21CE46C6E00111E73 = {
						CreatedOnToolsVersion = 7.1;
						DevelopmentTeam = YFSZ2FUP32;
					};
					485749DB1CE46C6E00111E73 = {
						CreatedOnToolsVersion = 7.1;
						DevelopmentTeam = YFSZ2FUP32;
						TestTargetID = 485749C21CE46C6E00111E73;
					};
					485749E61CE46C6E00111E73 = {
						CreatedOnToolsVersion = 7.1;
						DevelopmentTeam = YFSZ2FUP32;
						TestTargetID = 485749C21CE46C6E00111E73;
					};
				};
			};
			buildConfigurationList = 485749BE1CE46C6E00111E73 /* Build configuration list for PBXProject "GDC" */;
			compatibilityVersion = "Xcode 3.2";
			developmentRegion = English;
			hasScannedForEncodings = 0;
			knownRegions = (
				en,
				Base,
			);
			mainGroup = 485749BA1CE46C6E00111E73;
			productRefGroup = 485749C41CE46C6E00111E73 /* Products */;
			projectDirPath = "";
			projectRoot = "";
			targets = (
				485749C21CE46C6E00111E73 /* GDC */,
				485749DB1CE46C6E00111E73 /* GDCTests */,
				485749E61CE46C6E00111E73 /* GDCUITests */,
			);
		};
/* End PBXProject section */

/* Begin PBXResourcesBuildPhase section */
		485749C11CE46C6E00111E73 /* Resources */ = {
			isa = PBXResourcesBuildPhase;
			buildActionMask = 2147483647;
			files = (
				485749D61CE46C6E00111E73 /* LaunchScreen.storyboard in Resources */,
				485749D31CE46C6E00111E73 /* Assets.xcassets in Resources */,
				485749D11CE46C6E00111E73 /* Main.storyboard in Resources */,
			);
			runOnlyForDeploymentPostprocessing = 0;
		};
		485749DA1CE46C6E00111E73 /* Resources */ = {
			isa = PBXResourcesBuildPhase;
			buildActionMask = 2147483647;
			files = (
			);
			runOnlyForDeploymentPostprocessing = 0;
		};
		485749E51CE46C6E00111E73 /* Resources */ = {
			isa = PBXResourcesBuildPhase;
			buildActionMask = 2147483647;
			files = (
			);
			runOnlyForDeploymentPostprocessing = 0;
		};
/* End PBXResourcesBuildPhase section */

/* Begin PBXSourcesBuildPhase section */
		485749BF1CE46C6E00111E73 /* Sources */ = {
			isa = PBXSourcesBuildPhase;
			buildActionMask = 2147483647;
			files = (
				485749CE1CE46C6E00111E73 /* ViewController.m in Sources */,
				485749CB1CE46C6E00111E73 /* AppDelegate.m in Sources */,
				485749C81CE46C6E00111E73 /* main.m in Sources */,
			);
			runOnlyForDeploymentPostprocessing = 0;
		};
		485749D81CE46C6E00111E73 /* Sources */ = {
			isa = PBXSourcesBuildPhase;
			buildActionMask = 2147483647;
			files = (
				485749E11CE46C6E00111E73 /* GDCTests.m in Sources */,
			);
			runOnlyForDeploymentPostprocessing = 0;
		};
		485749E31CE46C6E00111E73 /* Sources */ = {
			isa = PBXSourcesBuildPhase;
			buildActionMask = 2147483647;
			files = (
				485749EC1CE46C6E00111E73 /* GDCUITests.m in Sources */,
			);
			runOnlyForDeploymentPostprocessing = 0;
		};
/* End PBXSourcesBuildPhase section */

/* Begin PBXTargetDependency section */
		485749DE1CE46C6E00111E73 /* PBXTargetDependency */ = {
			isa = PBXTargetDependency;
			target = 485749C21CE46C6E00111E73 /* GDC */;
			targetProxy = 485749DD1CE46C6E00111E73 /* PBXContainerItemProxy */;
		};
		485749E91CE46C6E00111E73 /* PBXTargetDependency */ = {
			isa = PBXTargetDependency;
			target = 485749C21CE46C6E00111E73 /* GDC */;
			targetProxy = 485749E81CE46C6E00111E73 /* PBXContainerItemProxy */;
		};
/* End PBXTargetDependency section */

/* Begin PBXVariantGroup section */
		485749CF1CE46C6E00111E73 /* Main.storyboard */ = {
			isa = PBXVariantGroup;
			children = (
				485749D01CE46C6E00111E73 /* Base */,
			);
			name = Main.storyboard;
			sourceTree = "<group>";
		};
		485749D41CE46C6E00111E73 /* LaunchScreen.storyboard */ = {
			isa = PBXVariantGroup;
			children = (
				485749D51CE46C6E00111E73 /* Base */,
			);
			name = LaunchScreen.storyboard;
			sourceTree = "<group>";
		};
/* End PBXVariantGroup section */

/* Begin XCBuildConfiguration section */
		485749EE1CE46C6E00111E73 /* Debug */ = {
			isa = XCBuildConfiguration;
			buildSettings = {
				ALWAYS_SEARCH_USER_PATHS = NO;
				CLANG_CXX_LANGUAGE_STANDARD = "gnu++0x";
				CLANG_CXX_LIBRARY = "libc++";
				CLANG_ENABLE_MODULES = YES;
				CLANG_ENABLE_OBJC_ARC = YES;
				CLANG_WARN_BOOL_CONVERSION = YES;
				CLANG_WARN_CONSTANT_CONVERSION = YES;
				CLANG_WARN_DIRECT_OBJC_ISA_USAGE = YES_ERROR;
				CLANG_WARN_EMPTY_BODY = YES;
				CLANG_WARN_ENUM_CONVERSION = YES;
				CLANG_WARN_INT_CONVERSION = YES;
				CLANG_WARN_OBJC_ROOT_CLASS = YES_ERROR;
				CLANG_WARN_UNREACHABLE_CODE = YES;
				CLANG_WARN__DUPLICATE_METHOD_MATCH = YES;
				"CODE_SIGN_IDENTITY[sdk=iphoneos*]" = "iPhone Developer";
				COPY_PHASE_STRIP = NO;
				DEBUG_INFORMATION_FORMAT = dwarf;
				ENABLE_STRICT_OBJC_MSGSEND = YES;
				ENABLE_TESTABILITY = YES;
				GCC_C_LANGUAGE_STANDARD = gnu99;
				GCC_DYNAMIC_NO_PIC = NO;
				GCC_NO_COMMON_BLOCKS = YES;
				GCC_OPTIMIZATION_LEVEL = 0;
				GCC_PREPROCESSOR_DEFINITIONS = (
					"DEBUG=1",
					"$(inherited)",
				);
				GCC_WARN_64_TO_32_BIT_CONVERSION = YES;
				GCC_WARN_ABOUT_RETURN_TYPE = YES_ERROR;
				GCC_WARN_UNDECLARED_SELECTOR = YES;
				GCC_WARN_UNINITIALIZED_AUTOS = YES_AGGRESSIVE;
				GCC_WARN_UNUSED_FUNCTION = YES;
				GCC_WARN_UNUSED_VARIABLE = YES;
				IPHONEOS_DEPLOYMENT_TARGET = 9.1;
				MTL_ENABLE_DEBUG_INFO = YES;
				ONLY_ACTIVE_ARCH = YES;
				SDKROOT = iphoneos;
			};
			name = Debug;
		};
		485749EF1CE46C6E00111E73 /* Release */ = {
			isa = XCBuildConfiguration;
			buildSettings = {
				ALWAYS_SEARCH_USER_PATHS = NO;
				CLANG_CXX_LANGUAGE_STANDARD = "gnu++0x";
				CLANG_CXX_LIBRARY = "libc++";
				CLANG_ENABLE_MODULES = YES;
				CLANG_ENABLE_OBJC_ARC = YES;
				CLANG_WARN_BOOL_CONVERSION = YES;
				CLANG_WARN_CONSTANT_CONVERSION = YES;
				CLANG_WARN_DIRECT_OBJC_ISA_USAGE = YES_ERROR;
				CLANG_WARN_EMPTY_BODY = YES;
				CLANG_WARN_ENUM_CONVERSION = YES;
				CLANG_WARN_INT_CONVERSION = YES;
				CLANG_WARN_OBJC_ROOT_CLASS = YES_ERROR;
				CLANG_WARN_UNREACHABLE_CODE = YES;
				CLANG_WARN__DUPLICATE_METHOD_MATCH = YES;
				"CODE_SIGN_IDENTITY[sdk=iphoneos*]" = "iPhone Developer";
				COPY_PHASE_STRIP = NO;
				DEBUG_INFORMATION_FORMAT = "dwarf-with-dsym";
				ENABLE_NS_ASSERTIONS = NO;
				ENABLE_STRICT_OBJC_MSGSEND = YES;
				GCC_C_LANGUAGE_STANDARD = gnu99;
				GCC_NO_COMMON_BLOCKS = YES;
				GCC_WARN_64_TO_32_BIT_CONVERSION = YES;
				GCC_WARN_ABOUT_RETURN_TYPE = YES_ERROR;
				GCC_WARN_UNDECLARED_SELECTOR = YES;
				GCC_WARN_UNINITIALIZED_AUTOS = YES_AGGRESSIVE;
				GCC_WARN_UNUSED_FUNCTION = YES;
				GCC_WARN_UNUSED_VARIABLE = YES;
				IPHONEOS_DEPLOYMENT_TARGET = 9.1;
				MTL_ENABLE_DEBUG_INFO = NO;
				SDKROOT = iphoneos;
				VALIDATE_PRODUCT = YES;
			};
			name = Release;
		};
		485749F11CE46C6E00111E73 /* Debug */ = {
			isa = XCBuildConfiguration;
			buildSettings = {
				ASSETCATALOG_COMPILER_APPICON_NAME = AppIcon;
				INFOPLIST_FILE = GDC/Info.plist;
				LD_RUNPATH_SEARCH_PATHS = "$(inherited) @executable_path/Frameworks";
				PRODUCT_BUNDLE_IDENTIFIER = demon.GDC;
				PRODUCT_NAME = "$(TARGET_NAME)";
			};
			name = Debug;
		};
		485749F21CE46C6E00111E73 /* Release */ = {
			isa = XCBuildConfiguration;
			buildSettings = {
				ASSETCATALOG_COMPILER_APPICON_NAME = AppIcon;
				INFOPLIST_FILE = GDC/Info.plist;
				LD_RUNPATH_SEARCH_PATHS = "$(inherited) @executable_path/Frameworks";
				PRODUCT_BUNDLE_IDENTIFIER = demon.GDC;
				PRODUCT_NAME = "$(TARGET_NAME)";
			};
			name = Release;
		};
		485749F41CE46C6E00111E73 /* Debug */ = {
			isa = XCBuildConfiguration;
			buildSettings = {
				BUNDLE_LOADER = "$(TEST_HOST)";
				INFOPLIST_FILE = GDCTests/Info.plist;
				LD_RUNPATH_SEARCH_PATHS = "$(inherited) @executable_path/Frameworks @loader_path/Frameworks";
				PRODUCT_BUNDLE_IDENTIFIER = demon.GDCTests;
				PRODUCT_NAME = "$(TARGET_NAME)";
				TEST_HOST = "$(BUILT_PRODUCTS_DIR)/GDC.app/GDC";
			};
			name = Debug;
		};
		485749F51CE46C6E00111E73 /* Release */ = {
			isa = XCBuildConfiguration;
			buildSettings = {
				BUNDLE_LOADER = "$(TEST_HOST)";
				INFOPLIST_FILE = GDCTests/Info.plist;
				LD_RUNPATH_SEARCH_PATHS = "$(inherited) @executable_path/Frameworks @loader_path/Frameworks";
				PRODUCT_BUNDLE_IDENTIFIER = demon.GDCTests;
				PRODUCT_NAME = "$(TARGET_NAME)";
				TEST_HOST = "$(BUILT_PRODUCTS_DIR)/GDC.app/GDC";
			};
			name = Release;
		};
		485749F71CE46C6E00111E73 /* Debug */ = {
			isa = XCBuildConfiguration;
			buildSettings = {
				INFOPLIST_FILE = GDCUITests/Info.plist;
				LD_RUNPATH_SEARCH_PATHS = "$(inherited) @executable_path/Frameworks @loader_path/Frameworks";
				PRODUCT_BUNDLE_IDENTIFIER = demon.GDCUITests;
				PRODUCT_NAME = "$(TARGET_NAME)";
				TEST_TARGET_NAME = GDC;
				USES_XCTRUNNER = YES;
			};
			name = Debug;
		};
		485749F81CE46C6E00111E73 /* Release */ = {
			isa = XCBuildConfiguration;
			buildSettings = {
				INFOPLIST_FILE = GDCUITests/Info.plist;
				LD_RUNPATH_SEARCH_PATHS = "$(inherited) @executable_path/Frameworks @loader_path/Frameworks";
				PRODUCT_BUNDLE_IDENTIFIER = demon.GDCUITests;
				PRODUCT_NAME = "$(TARGET_NAME)";
				TEST_TARGET_NAME = GDC;
				USES_XCTRUNNER = YES;
			};
			name = Release;
		};
/* End XCBuildConfiguration section */

/* Begin XCConfigurationList section */
		485749BE1CE46C6E00111E73 /* Build configuration list for PBXProject "GDC" */ = {
			isa = XCConfigurationList;
			buildConfigurations = (
				485749EE1CE46C6E00111E73 /* Debug */,
				485749EF1CE46C6E00111E73 /* Release */,
			);
			defaultConfigurationIsVisible = 0;
			defaultConfigurationName = Release;
		};
		485749F01CE46C6E00111E73 /* Build configuration list for PBXNativeTarget "GDC" */ = {
			isa = XCConfigurationList;
			buildConfigurations = (
				485749F11CE46C6E00111E73 /* Debug */,
				485749F21CE46C6E00111E73 /* Release */,
			);
			defaultConfigurationIsVisible = 0;
		};
		485749F31CE46C6E00111E73 /* Build configuration list for PBXNativeTarget "GDCTests" */ = {
			isa = XCConfigurationList;
			buildConfigurations = (
				485749F41CE46C6E00111E73 /* Debug */,
				485749F51CE46C6E00111E73 /* Release */,
			);
			defaultConfigurationIsVisible = 0;
		};
		485749F61CE46C6E00111E73 /* Build configuration list for PBXNativeTarget "GDCUITests" */ = {
			isa = XCConfigurationList;
			buildConfigurations = (
				485749F71CE46C6E00111E73 /* Debug */,
				485749F81CE46C6E00111E73 /* Release */,
			);
			defaultConfigurationIsVisible = 0;
		};
/* End XCConfigurationList section */
	};
	rootObject = 485749BB1CE46C6E00111E73 /* Project object */;
}
